
Microsoft Visual Studio Solution File, Format Version 12.00
Project("{FAE04EC0-301F-11D3-BF4B-00C04F79EFBC}") = "server.API", "server.API\server.API.csproj", "{0989EE9D-9046-495C-9B29-5DD089283F61}"
EndProject
Project("{FAE04EC0-301F-11D3-BF4B-00C04F79EFBC}") = "server.Application", "server.Application\server.Application.csproj", "{4D2C0556-B0D4-446B-B52A-CEA9E3013BBF}"
EndProject
Project("{FAE04EC0-301F-11D3-BF4B-00C04F79EFBC}") = "server.Domain", "server.Domain\server.Domain.csproj", "{DC04F9CF-25B8-4834-94A4-B0DBCD863290}"
EndProject
Project("{FAE04EC0-301F-11D3-BF4B-00C04F79EFBC}") = "server.Infrastructure", "server.Infrastructure\server.Infrastructure.csproj", "{FF374021-0837-40BF-AB23-746595880FE5}"
EndProject
Project("{FAE04EC0-301F-11D3-BF4B-00C04F79EFBC}") = "server.Communication", "server.Communication\server.Communication.csproj", "{C487AC11-CDD2-4DE5-A159-A1765B0F20CF}"
EndProject
Project("{FAE04EC0-301F-11D3-BF4B-00C04F79EFBC}") = "server.Exceptions", "server.Exceptions\server.Exceptions.csproj", "{C6A6C875-01A5-427C-BFC8-A5995DE0F009}"
EndProject
Project("{2150E333-8FDC-42A3-9474-1A3956D46DE8}") = "tests", "tests", "{0AB3BF05-4346-4AA6-1389-037BE0695223}"
EndProject
Project("{FAE04EC0-301F-11D3-BF4B-00C04F79EFBC}") = "CommonTestUtilities", "tests\CommonTestUtilities\CommonTestUtilities.csproj", "{D0E7C1BD-5F5C-46A5-A88F-3764BC02F662}"
EndProject
Project("{FAE04EC0-301F-11D3-BF4B-00C04F79EFBC}") = "Validators.Test", "tests\Validators.Test\Validators.Test.csproj", "{9FB43CE0-5C9E-48BA-9D57-57F7CD49A9D7}"
EndProject
Project("{FAE04EC0-301F-11D3-BF4B-00C04F79EFBC}") = "UseCases.Test", "tests\UseCases.Test\UseCases.Test.csproj", "{A16129C7-4DEE-4830-8B5A-2ABF1EB261D3}"
EndProject
Project("{FAE04EC0-301F-11D3-BF4B-00C04F79EFBC}") = "WebApi.Test", "tests\WebApi.Test\WebApi.Test.csproj", "{E54EED9B-A932-497C-B6A6-D6208AEC0B83}"
EndProject
Global
	GlobalSection(SolutionConfigurationPlatforms) = preSolution
		Debug|Any CPU = Debug|Any CPU
		Debug|x64 = Debug|x64
		Debug|x86 = Debug|x86
		Release|Any CPU = Release|Any CPU
		Release|x64 = Release|x64
		Release|x86 = Release|x86
	EndGlobalSection
	GlobalSection(ProjectConfigurationPlatforms) = postSolution
		{0989EE9D-9046-495C-9B29-5DD089283F61}.Debug|Any CPU.ActiveCfg = Debug|Any CPU
		{0989EE9D-9046-495C-9B29-5DD089283F61}.Debug|Any CPU.Build.0 = Debug|Any CPU
		{0989EE9D-9046-495C-9B29-5DD089283F61}.Debug|x64.ActiveCfg = Debug|Any CPU
		{0989EE9D-9046-495C-9B29-5DD089283F61}.Debug|x64.Build.0 = Debug|Any CPU
		{0989EE9D-9046-495C-9B29-5DD089283F61}.Debug|x86.ActiveCfg = Debug|Any CPU
		{0989EE9D-9046-495C-9B29-5DD089283F61}.Debug|x86.Build.0 = Debug|Any CPU
		{0989EE9D-9046-495C-9B29-5DD089283F61}.Release|Any CPU.ActiveCfg = Release|Any CPU
		{0989EE9D-9046-495C-9B29-5DD089283F61}.Release|Any CPU.Build.0 = Release|Any CPU
		{0989EE9D-9046-495C-9B29-5DD089283F61}.Release|x64.ActiveCfg = Release|Any CPU
		{0989EE9D-9046-495C-9B29-5DD089283F61}.Release|x64.Build.0 = Release|Any CPU
		{0989EE9D-9046-495C-9B29-5DD089283F61}.Release|x86.ActiveCfg = Release|Any CPU
		{0989EE9D-9046-495C-9B29-5DD089283F61}.Release|x86.Build.0 = Release|Any CPU
		{4D2C0556-B0D4-446B-B52A-CEA9E3013BBF}.Debug|Any CPU.ActiveCfg = Debug|Any CPU
		{4D2C0556-B0D4-446B-B52A-CEA9E3013BBF}.Debug|Any CPU.Build.0 = Debug|Any CPU
		{4D2C0556-B0D4-446B-B52A-CEA9E3013BBF}.Debug|x64.ActiveCfg = Debug|Any CPU
		{4D2C0556-B0D4-446B-B52A-CEA9E3013BBF}.Debug|x64.Build.0 = Debug|Any CPU
		{4D2C0556-B0D4-446B-B52A-CEA9E3013BBF}.Debug|x86.ActiveCfg = Debug|Any CPU
		{4D2C0556-B0D4-446B-B52A-CEA9E3013BBF}.Debug|x86.Build.0 = Debug|Any CPU
		{4D2C0556-B0D4-446B-B52A-CEA9E3013BBF}.Release|Any CPU.ActiveCfg = Release|Any CPU
		{4D2C0556-B0D4-446B-B52A-CEA9E3013BBF}.Release|Any CPU.Build.0 = Release|Any CPU
		{4D2C0556-B0D4-446B-B52A-CEA9E3013BBF}.Release|x64.ActiveCfg = Release|Any CPU
		{4D2C0556-B0D4-446B-B52A-CEA9E3013BBF}.Release|x64.Build.0 = Release|Any CPU
		{4D2C0556-B0D4-446B-B52A-CEA9E3013BBF}.Release|x86.ActiveCfg = Release|Any CPU
		{4D2C0556-B0D4-446B-B52A-CEA9E3013BBF}.Release|x86.Build.0 = Release|Any CPU
		{DC04F9CF-25B8-4834-94A4-B0DBCD863290}.Debug|Any CPU.ActiveCfg = Debug|Any CPU
		{DC04F9CF-25B8-4834-94A4-B0DBCD863290}.Debug|Any CPU.Build.0 = Debug|Any CPU
		{DC04F9CF-25B8-4834-94A4-B0DBCD863290}.Debug|x64.ActiveCfg = Debug|Any CPU
		{DC04F9CF-25B8-4834-94A4-B0DBCD863290}.Debug|x64.Build.0 = Debug|Any CPU
		{DC04F9CF-25B8-4834-94A4-B0DBCD863290}.Debug|x86.ActiveCfg = Debug|Any CPU
		{DC04F9CF-25B8-4834-94A4-B0DBCD863290}.Debug|x86.Build.0 = Debug|Any CPU
		{DC04F9CF-25B8-4834-94A4-B0DBCD863290}.Release|Any CPU.ActiveCfg = Release|Any CPU
		{DC04F9CF-25B8-4834-94A4-B0DBCD863290}.Release|Any CPU.Build.0 = Release|Any CPU
		{DC04F9CF-25B8-4834-94A4-B0DBCD863290}.Release|x64.ActiveCfg = Release|Any CPU
		{DC04F9CF-25B8-4834-94A4-B0DBCD863290}.Release|x64.Build.0 = Release|Any CPU
		{DC04F9CF-25B8-4834-94A4-B0DBCD863290}.Release|x86.ActiveCfg = Release|Any CPU
		{DC04F9CF-25B8-4834-94A4-B0DBCD863290}.Release|x86.Build.0 = Release|Any CPU
		{FF374021-0837-40BF-AB23-746595880FE5}.Debug|Any CPU.ActiveCfg = Debug|Any CPU
		{FF374021-0837-40BF-AB23-746595880FE5}.Debug|Any CPU.Build.0 = Debug|Any CPU
		{FF374021-0837-40BF-AB23-746595880FE5}.Debug|x64.ActiveCfg = Debug|Any CPU
		{FF374021-0837-40BF-AB23-746595880FE5}.Debug|x64.Build.0 = Debug|Any CPU
		{FF374021-0837-40BF-AB23-746595880FE5}.Debug|x86.ActiveCfg = Debug|Any CPU
		{FF374021-0837-40BF-AB23-746595880FE5}.Debug|x86.Build.0 = Debug|Any CPU
		{FF374021-0837-40BF-AB23-746595880FE5}.Release|Any CPU.ActiveCfg = Release|Any CPU
		{FF374021-0837-40BF-AB23-746595880FE5}.Release|Any CPU.Build.0 = Release|Any CPU
		{FF374021-0837-40BF-AB23-746595880FE5}.Release|x64.ActiveCfg = Release|Any CPU
		{FF374021-0837-40BF-AB23-746595880FE5}.Release|x64.Build.0 = Release|Any CPU
		{FF374021-0837-40BF-AB23-746595880FE5}.Release|x86.ActiveCfg = Release|Any CPU
		{FF374021-0837-40BF-AB23-746595880FE5}.Release|x86.Build.0 = Release|Any CPU
		{C487AC11-CDD2-4DE5-A159-A1765B0F20CF}.Debug|Any CPU.ActiveCfg = Debug|Any CPU
		{C487AC11-CDD2-4DE5-A159-A1765B0F20CF}.Debug|Any CPU.Build.0 = Debug|Any CPU
		{C487AC11-CDD2-4DE5-A159-A1765B0F20CF}.Debug|x64.ActiveCfg = Debug|Any CPU
		{C487AC11-CDD2-4DE5-A159-A1765B0F20CF}.Debug|x64.Build.0 = Debug|Any CPU
		{C487AC11-CDD2-4DE5-A159-A1765B0F20CF}.Debug|x86.ActiveCfg = Debug|Any CPU
		{C487AC11-CDD2-4DE5-A159-A1765B0F20CF}.Debug|x86.Build.0 = Debug|Any CPU
		{C487AC11-CDD2-4DE5-A159-A1765B0F20CF}.Release|Any CPU.ActiveCfg = Release|Any CPU
		{C487AC11-CDD2-4DE5-A159-A1765B0F20CF}.Release|Any CPU.Build.0 = Release|Any CPU
		{C487AC11-CDD2-4DE5-A159-A1765B0F20CF}.Release|x64.ActiveCfg = Release|Any CPU
		{C487AC11-CDD2-4DE5-A159-A1765B0F20CF}.Release|x64.Build.0 = Release|Any CPU
		{C487AC11-CDD2-4DE5-A159-A1765B0F20CF}.Release|x86.ActiveCfg = Release|Any CPU
		{C487AC11-CDD2-4DE5-A159-A1765B0F20CF}.Release|x86.Build.0 = Release|Any CPU
		{C6A6C875-01A5-427C-BFC8-A5995DE0F009}.Debug|Any CPU.ActiveCfg = Debug|Any CPU
		{C6A6C875-01A5-427C-BFC8-A5995DE0F009}.Debug|Any CPU.Build.0 = Debug|Any CPU
		{C6A6C875-01A5-427C-BFC8-A5995DE0F009}.Debug|x64.ActiveCfg = Debug|Any CPU
		{C6A6C875-01A5-427C-BFC8-A5995DE0F009}.Debug|x64.Build.0 = Debug|Any CPU
		{C6A6C875-01A5-427C-BFC8-A5995DE0F009}.Debug|x86.ActiveCfg = Debug|Any CPU
		{C6A6C875-01A5-427C-BFC8-A5995DE0F009}.Debug|x86.Build.0 = Debug|Any CPU
		{C6A6C875-01A5-427C-BFC8-A5995DE0F009}.Release|Any CPU.ActiveCfg = Release|Any CPU
		{C6A6C875-01A5-427C-BFC8-A5995DE0F009}.Release|Any CPU.Build.0 = Release|Any CPU
		{C6A6C875-01A5-427C-BFC8-A5995DE0F009}.Release|x64.ActiveCfg = Release|Any CPU
		{C6A6C875-01A5-427C-BFC8-A5995DE0F009}.Release|x64.Build.0 = Release|Any CPU
		{C6A6C875-01A5-427C-BFC8-A5995DE0F009}.Release|x86.ActiveCfg = Release|Any CPU
		{C6A6C875-01A5-427C-BFC8-A5995DE0F009}.Release|x86.Build.0 = Release|Any CPU
		{D0E7C1BD-5F5C-46A5-A88F-3764BC02F662}.Debug|Any CPU.ActiveCfg = Debug|Any CPU
		{D0E7C1BD-5F5C-46A5-A88F-3764BC02F662}.Debug|Any CPU.Build.0 = Debug|Any CPU
		{D0E7C1BD-5F5C-46A5-A88F-3764BC02F662}.Debug|x64.ActiveCfg = Debug|Any CPU
		{D0E7C1BD-5F5C-46A5-A88F-3764BC02F662}.Debug|x64.Build.0 = Debug|Any CPU
		{D0E7C1BD-5F5C-46A5-A88F-3764BC02F662}.Debug|x86.ActiveCfg = Debug|Any CPU
		{D0E7C1BD-5F5C-46A5-A88F-3764BC02F662}.Debug|x86.Build.0 = Debug|Any CPU
		{D0E7C1BD-5F5C-46A5-A88F-3764BC02F662}.Release|Any CPU.ActiveCfg = Release|Any CPU
		{D0E7C1BD-5F5C-46A5-A88F-3764BC02F662}.Release|Any CPU.Build.0 = Release|Any CPU
		{D0E7C1BD-5F5C-46A5-A88F-3764BC02F662}.Release|x64.ActiveCfg = Release|Any CPU
		{D0E7C1BD-5F5C-46A5-A88F-3764BC02F662}.Release|x64.Build.0 = Release|Any CPU
		{D0E7C1BD-5F5C-46A5-A88F-3764BC02F662}.Release|x86.ActiveCfg = Release|Any CPU
		{D0E7C1BD-5F5C-46A5-A88F-3764BC02F662}.Release|x86.Build.0 = Release|Any CPU
		{9FB43CE0-5C9E-48BA-9D57-57F7CD49A9D7}.Debug|Any CPU.ActiveCfg = Debug|Any CPU
		{9FB43CE0-5C9E-48BA-9D57-57F7CD49A9D7}.Debug|Any CPU.Build.0 = Debug|Any CPU
		{9FB43CE0-5C9E-48BA-9D57-57F7CD49A9D7}.Debug|x64.ActiveCfg = Debug|Any CPU
		{9FB43CE0-5C9E-48BA-9D57-57F7CD49A9D7}.Debug|x64.Build.0 = Debug|Any CPU
		{9FB43CE0-5C9E-48BA-9D57-57F7CD49A9D7}.Debug|x86.ActiveCfg = Debug|Any CPU
		{9FB43CE0-5C9E-48BA-9D57-57F7CD49A9D7}.Debug|x86.Build.0 = Debug|Any CPU
		{9FB43CE0-5C9E-48BA-9D57-57F7CD49A9D7}.Release|Any CPU.ActiveCfg = Release|Any CPU
		{9FB43CE0-5C9E-48BA-9D57-57F7CD49A9D7}.Release|Any CPU.Build.0 = Release|Any CPU
		{9FB43CE0-5C9E-48BA-9D57-57F7CD49A9D7}.Release|x64.ActiveCfg = Release|Any CPU
		{9FB43CE0-5C9E-48BA-9D57-57F7CD49A9D7}.Release|x64.Build.0 = Release|Any CPU
		{9FB43CE0-5C9E-48BA-9D57-57F7CD49A9D7}.Release|x86.ActiveCfg = Release|Any CPU
		{9FB43CE0-5C9E-48BA-9D57-57F7CD49A9D7}.Release|x86.Build.0 = Release|Any CPU
		{A16129C7-4DEE-4830-8B5A-2ABF1EB261D3}.Debug|Any CPU.ActiveCfg = Debug|Any CPU
		{A16129C7-4DEE-4830-8B5A-2ABF1EB261D3}.Debug|Any CPU.Build.0 = Debug|Any CPU
		{A16129C7-4DEE-4830-8B5A-2ABF1EB261D3}.Debug|x64.ActiveCfg = Debug|Any CPU
		{A16129C7-4DEE-4830-8B5A-2ABF1EB261D3}.Debug|x64.Build.0 = Debug|Any CPU
		{A16129C7-4DEE-4830-8B5A-2ABF1EB261D3}.Debug|x86.ActiveCfg = Debug|Any CPU
		{A16129C7-4DEE-4830-8B5A-2ABF1EB261D3}.Debug|x86.Build.0 = Debug|Any CPU
		{A16129C7-4DEE-4830-8B5A-2ABF1EB261D3}.Release|Any CPU.ActiveCfg = Release|Any CPU
		{A16129C7-4DEE-4830-8B5A-2ABF1EB261D3}.Release|Any CPU.Build.0 = Release|Any CPU
		{A16129C7-4DEE-4830-8B5A-2ABF1EB261D3}.Release|x64.ActiveCfg = Release|Any CPU
		{A16129C7-4DEE-4830-8B5A-2ABF1EB261D3}.Release|x64.Build.0 = Release|Any CPU
		{A16129C7-4DEE-4830-8B5A-2ABF1EB261D3}.Release|x86.ActiveCfg = Release|Any CPU
		{A16129C7-4DEE-4830-8B5A-2ABF1EB261D3}.Release|x86.Build.0 = Release|Any CPU
		{E54EED9B-A932-497C-B6A6-D6208AEC0B83}.Debug|Any CPU.ActiveCfg = Debug|Any CPU
		{E54EED9B-A932-497C-B6A6-D6208AEC0B83}.Debug|Any CPU.Build.0 = Debug|Any CPU
		{E54EED9B-A932-497C-B6A6-D6208AEC0B83}.Debug|x64.ActiveCfg = Debug|Any CPU
		{E54EED9B-A932-497C-B6A6-D6208AEC0B83}.Debug|x64.Build.0 = Debug|Any CPU
		{E54EED9B-A932-497C-B6A6-D6208AEC0B83}.Debug|x86.ActiveCfg = Debug|Any CPU
		{E54EED9B-A932-497C-B6A6-D6208AEC0B83}.Debug|x86.Build.0 = Debug|Any CPU
		{E54EED9B-A932-497C-B6A6-D6208AEC0B83}.Release|Any CPU.ActiveCfg = Release|Any CPU
		{E54EED9B-A932-497C-B6A6-D6208AEC0B83}.Release|Any CPU.Build.0 = Release|Any CPU
		{E54EED9B-A932-497C-B6A6-D6208AEC0B83}.Release|x64.ActiveCfg = Release|Any CPU
		{E54EED9B-A932-497C-B6A6-D6208AEC0B83}.Release|x64.Build.0 = Release|Any CPU
		{E54EED9B-A932-497C-B6A6-D6208AEC0B83}.Release|x86.ActiveCfg = Release|Any CPU
		{E54EED9B-A932-497C-B6A6-D6208AEC0B83}.Release|x86.Build.0 = Release|Any CPU
	EndGlobalSection
	GlobalSection(SolutionProperties) = preSolution
		HideSolutionNode = FALSE
	EndGlobalSection
	GlobalSection(NestedProjects) = preSolution
		{D0E7C1BD-5F5C-46A5-A88F-3764BC02F662} = {0AB3BF05-4346-4AA6-1389-037BE0695223}
		{9FB43CE0-5C9E-48BA-9D57-57F7CD49A9D7} = {0AB3BF05-4346-4AA6-1389-037BE0695223}
		{A16129C7-4DEE-4830-8B5A-2ABF1EB261D3} = {0AB3BF05-4346-4AA6-1389-037BE0695223}
		{E54EED9B-A932-497C-B6A6-D6208AEC0B83} = {0AB3BF05-4346-4AA6-1389-037BE0695223}
	EndGlobalSection
EndGlobal
